lockfileVersion: '9.0'

settings:
  autoInstallPeers: true
  excludeLinksFromLockfile: false

importers:

  .:
    dependencies:
      '@hocuspocus/extension-database':
        specifier: ^2.13.7
        version: 2.13.7(y-protocols@1.0.6(yjs@13.6.20))(yjs@13.6.20)
      '@hocuspocus/extension-logger':
        specifier: ^2.13.7
        version: 2.13.7(y-protocols@1.0.6(yjs@13.6.20))(yjs@13.6.20)
      '@hocuspocus/server':
        specifier: ^2.13.7
        version: 2.13.7(y-protocols@1.0.6(yjs@13.6.20))(yjs@13.6.20)
      '@hocuspocus/transformer':
        specifier: ^2.13.7
        version: 2.13.7(@tiptap/pm@2.9.1)(y-prosemirror@1.2.12(prosemirror-model@1.23.0)(prosemirror-state@1.4.3)(prosemirror-view@1.35.0)(y-protocols@1.0.6(yjs@13.6.20))(yjs@13.6.20))(yjs@13.6.20)
      '@supabase/supabase-js':
        specifier: ^2.46.1
        version: 2.46.1
      '@tiptap/extension-character-count':
        specifier: ^2.9.1
        version: 2.9.1(@tiptap/core@2.9.1(@tiptap/pm@2.9.1))(@tiptap/pm@2.9.1)
      '@tiptap/extension-collaboration':
        specifier: ^2.9.1
        version: 2.9.1(@tiptap/core@2.9.1(@tiptap/pm@2.9.1))(@tiptap/pm@2.9.1)(y-prosemirror@1.2.12(prosemirror-model@1.23.0)(prosemirror-state@1.4.3)(prosemirror-view@1.35.0)(y-protocols@1.0.6(yjs@13.6.20))(yjs@13.6.20))
      '@tiptap/extension-collaboration-cursor':
        specifier: ^2.9.1
        version: 2.9.1(@tiptap/core@2.9.1(@tiptap/pm@2.9.1))(y-prosemirror@1.2.12(prosemirror-model@1.23.0)(prosemirror-state@1.4.3)(prosemirror-view@1.35.0)(y-protocols@1.0.6(yjs@13.6.20))(yjs@13.6.20))
      '@tiptap/extension-highlight':
        specifier: ^2.9.1
        version: 2.9.1(@tiptap/core@2.9.1(@tiptap/pm@2.9.1))
      '@tiptap/extension-image':
        specifier: ^2.9.1
        version: 2.9.1(@tiptap/core@2.9.1(@tiptap/pm@2.9.1))
      '@tiptap/extension-link':
        specifier: ^2.9.1
        version: 2.9.1(@tiptap/core@2.9.1(@tiptap/pm@2.9.1))(@tiptap/pm@2.9.1)
      '@tiptap/extension-list-keymap':
        specifier: ^2.9.1
        version: 2.9.1(@tiptap/core@2.9.1(@tiptap/pm@2.9.1))
      '@tiptap/extension-placeholder':
        specifier: ^2.9.1
        version: 2.9.1(@tiptap/core@2.9.1(@tiptap/pm@2.9.1))(@tiptap/pm@2.9.1)
      '@tiptap/extension-table':
        specifier: ^2.9.1
        version: 2.9.1(@tiptap/core@2.9.1(@tiptap/pm@2.9.1))(@tiptap/pm@2.9.1)
      '@tiptap/extension-table-cell':
        specifier: ^2.9.1
        version: 2.9.1(@tiptap/core@2.9.1(@tiptap/pm@2.9.1))
      '@tiptap/extension-table-header':
        specifier: ^2.9.1
        version: 2.9.1(@tiptap/core@2.9.1(@tiptap/pm@2.9.1))
      '@tiptap/extension-table-row':
        specifier: ^2.9.1
        version: 2.9.1(@tiptap/core@2.9.1(@tiptap/pm@2.9.1))
      '@tiptap/extension-typography':
        specifier: ^2.9.1
        version: 2.9.1(@tiptap/core@2.9.1(@tiptap/pm@2.9.1))
      '@tiptap/html':
        specifier: ^2.9.1
        version: 2.9.1(@tiptap/core@2.9.1(@tiptap/pm@2.9.1))(@tiptap/pm@2.9.1)
      '@tiptap/starter-kit':
        specifier: ^2.9.1
        version: 2.9.1
      dotenv:
        specifier: ^16.4.5
        version: 16.4.5
      nodemon:
        specifier: ^3.1.7
        version: 3.1.7

packages:

  '@hocuspocus/common@2.13.7':
    resolution: {integrity: sha512-ROqYfW15XlAGd+qb/FVyp0zUC9Rosv7kdcck9LRMdfW3jT66wK9pDDWL2ily4Qj/zhbLCFtjAUPB4UKln/GYNQ==}

  '@hocuspocus/extension-database@2.13.7':
    resolution: {integrity: sha512-GMSnluhmfpy3V+P8uCyR/dwh7nNqIERSAf+Jpkg0GVSeOuGdDuoWTJr+gkQWTAVDVMwNAqlp+ZLpzc0Y/L34mg==}
    peerDependencies:
      yjs: ^13.6.8

  '@hocuspocus/extension-logger@2.13.7':
    resolution: {integrity: sha512-mjlY0RjocWg4Qe1uVVL5lYXQs9yy80/5vrSuHMh9oFaXGGBOiVM7sOoM2IWl9k3ehBvlCid1xgNnNkNIJKDOPw==}

  '@hocuspocus/server@2.13.7':
    resolution: {integrity: sha512-D9juGX9NZoKT9/Ty/HGhaimHJe71DyKbYssC831oetYF33x3WSYV6GY82RhHo9xjKZE6r0Le7jgxgQb+u08slw==}
    peerDependencies:
      y-protocols: ^1.0.6
      yjs: ^13.6.8

  '@hocuspocus/transformer@2.13.7':
    resolution: {integrity: sha512-T2UNUjGzEL9kRCEe9FRr2tKYqWzSanFqY68n2IlbbYixbdH5emvn/3qBTXW2gjQsja36/UqEH7EP+guGte3WmA==}
    peerDependencies:
      '@tiptap/pm': ^2.1.12
      y-prosemirror: ^1.2.1
      yjs: ^13.6.8

  '@remirror/core-constants@3.0.0':
    resolution: {integrity: sha512-42aWfPrimMfDKDi4YegyS7x+/0tlzaqwPQCULLanv3DMIlu96KTJR0fM5isWX2UViOqlGnX6YFgqWepcX+XMNg==}

  '@supabase/auth-js@2.65.1':
    resolution: {integrity: sha512-IA7i2Xq2SWNCNMKxwmPlHafBQda0qtnFr8QnyyBr+KaSxoXXqEzFCnQ1dGTy6bsZjVBgXu++o3qrDypTspaAPw==}

  '@supabase/functions-js@2.4.3':
    resolution: {integrity: sha512-sOLXy+mWRyu4LLv1onYydq+10mNRQ4rzqQxNhbrKLTLTcdcmS9hbWif0bGz/NavmiQfPs4ZcmQJp4WqOXlR4AQ==}

  '@supabase/node-fetch@2.6.15':
    resolution: {integrity: sha512-1ibVeYUacxWYi9i0cf5efil6adJ9WRyZBLivgjs+AUpewx1F3xPi7gLgaASI2SmIQxPoCEjAsLAzKPgMJVgOUQ==}
    engines: {node: 4.x || >=6.0.0}

  '@supabase/postgrest-js@1.16.3':
    resolution: {integrity: sha512-HI6dsbW68AKlOPofUjDTaosiDBCtW4XAm0D18pPwxoW3zKOE2Ru13Z69Wuys9fd6iTpfDViNco5sgrtnP0666A==}

  '@supabase/realtime-js@2.10.7':
    resolution: {integrity: sha512-OLI0hiSAqQSqRpGMTUwoIWo51eUivSYlaNBgxsXZE7PSoWh12wPRdVt0psUMaUzEonSB85K21wGc7W5jHnT6uA==}

  '@supabase/storage-js@2.7.1':
    resolution: {integrity: sha512-asYHcyDR1fKqrMpytAS1zjyEfvxuOIp1CIXX7ji4lHHcJKqyk+sLl/Vxgm4sN6u8zvuUtae9e4kDxQP2qrwWBA==}

  '@supabase/supabase-js@2.46.1':
    resolution: {integrity: sha512-HiBpd8stf7M6+tlr+/82L8b2QmCjAD8ex9YdSAKU+whB/SHXXJdus1dGlqiH9Umy9ePUuxaYmVkGd9BcvBnNvg==}

  '@tiptap/core@2.9.1':
    resolution: {integrity: sha512-tifnLL/ARzQ6/FGEJjVwj9UT3v+pENdWHdk9x6F3X0mB1y0SeCjV21wpFLYESzwNdBPAj8NMp8Behv7dBnhIfw==}
    peerDependencies:
      '@tiptap/pm': ^2.7.0

  '@tiptap/extension-blockquote@2.9.1':
    resolution: {integrity: sha512-Y0jZxc/pdkvcsftmEZFyG+73um8xrx6/DMfgUcNg3JAM63CISedNcr+OEI11L0oFk1KFT7/aQ9996GM6Kubdqg==}
    peerDependencies:
      '@tiptap/core': ^2.7.0

  '@tiptap/extension-bold@2.9.1':
    resolution: {integrity: sha512-e2P1zGpnnt4+TyxTC5pX/lPxPasZcuHCYXY0iwQ3bf8qRQQEjDfj3X7EI+cXqILtnhOiviEOcYmeu5op2WhQDg==}
    peerDependencies:
      '@tiptap/core': ^2.7.0

  '@tiptap/extension-bullet-list@2.9.1':
    resolution: {integrity: sha512-0hizL/0j9PragJObjAWUVSuGhN1jKjCFnhLQVRxtx4HutcvS/lhoWMvFg6ZF8xqWgIa06n6A7MaknQkqhTdhKA==}
    peerDependencies:
      '@tiptap/core': ^2.7.0

  '@tiptap/extension-character-count@2.9.1':
    resolution: {integrity: sha512-1V4gi+jA2B0W0aB8dH9W60YitZF88R5+Ck9LsxHsaEBRxPym+s382cYl1A7mXJyvv51WzYlr72iX4S0cdl3KOw==}
    peerDependencies:
      '@tiptap/core': ^2.7.0
      '@tiptap/pm': ^2.7.0

  '@tiptap/extension-code-block@2.9.1':
    resolution: {integrity: sha512-A/50wPWDqEUUUPhrwRKILP5gXMO5UlQ0F6uBRGYB9CEVOREam9yIgvONOnZVJtszHqOayjIVMXbH/JMBeq11/g==}
    peerDependencies:
      '@tiptap/core': ^2.7.0
      '@tiptap/pm': ^2.7.0

  '@tiptap/extension-code@2.9.1':
    resolution: {integrity: sha512-WQqcVGe7i/E+yO3wz5XQteU1ETNZ00euUEl4ylVVmH2NM4Dh0KDjEhbhHlCM0iCfLUo7jhjC7dmS+hMdPUb+Tg==}
    peerDependencies:
      '@tiptap/core': ^2.7.0

  '@tiptap/extension-collaboration-cursor@2.9.1':
    resolution: {integrity: sha512-mbNYEdlp22UpKY0SULVWRvOm3U19V80DokC+iDIDZXGXI2nCevB4vMQVkXmiQtiz3qT9I9mIN0vSgy3w75A7WA==}
    peerDependencies:
      '@tiptap/core': ^2.7.0
      y-prosemirror: ^1.2.11

  '@tiptap/extension-collaboration@2.9.1':
    resolution: {integrity: sha512-AaS66O4X0rx1WLnCC3LW5fLk7ZULr0t7/gj/7dNgbBtyg4NhoYc3PhSBiimLbgD+R8wFrfm1lsHb02deaqQB6w==}
    peerDependencies:
      '@tiptap/core': ^2.7.0
      '@tiptap/pm': ^2.7.0
      y-prosemirror: ^1.2.11

  '@tiptap/extension-document@2.9.1':
    resolution: {integrity: sha512-1a+HCoDPnBttjqExfYLwfABq8MYdiowhy/wp8eCxVb6KGFEENO53KapstISvPzqH7eOi+qRjBB1KtVYb/ZXicg==}
    peerDependencies:
      '@tiptap/core': ^2.7.0

  '@tiptap/extension-dropcursor@2.9.1':
    resolution: {integrity: sha512-wJZspSmJRkDBtPkzFz1g7gvZOEOayk8s93UHsgbJxcV4VWHYleZ5XhT74sZunSjefNDm3qC6v2BSgLp3vNHVKQ==}
    peerDependencies:
      '@tiptap/core': ^2.7.0
      '@tiptap/pm': ^2.7.0

  '@tiptap/extension-gapcursor@2.9.1':
    resolution: {integrity: sha512-jsRBmX01vr+5H02GljiHMo0n5H1vzoMLmFarxe0Yq2d2l9G/WV2VWX2XnGliqZAYWd1bI0phs7uLQIN3mxGQTw==}
    peerDependencies:
      '@tiptap/core': ^2.7.0
      '@tiptap/pm': ^2.7.0

  '@tiptap/extension-hard-break@2.9.1':
    resolution: {integrity: sha512-fCuaOD/b7nDjm47PZ58oanq7y4ccS2wjPh42Qm0B0yipu/1fmC8eS1SmaXmk28F89BLtuL6uOCtR1spe+lZtlQ==}
    peerDependencies:
      '@tiptap/core': ^2.7.0

  '@tiptap/extension-heading@2.9.1':
    resolution: {integrity: sha512-SjZowzLixOFaCrV2cMaWi1mp8REK0zK1b3OcVx7bCZfVSmsOETJyrAIUpCKA8o60NwF7pwhBg0MN8oXlNKMeFw==}
    peerDependencies:
      '@tiptap/core': ^2.7.0

  '@tiptap/extension-highlight@2.9.1':
    resolution: {integrity: sha512-ro3bARRgxb4v8w6fPVfG1kO2UWtLgKI5ESfsQ9CqiZuRkZdRKhM5ZpXPIky28Pn7CxhDUSXBXS/MhvP0VuhMJQ==}
    peerDependencies:
      '@tiptap/core': ^2.7.0

  '@tiptap/extension-history@2.9.1':
    resolution: {integrity: sha512-wp9qR1NM+LpvyLZFmdNaAkDq0d4jDJ7z7Fz7icFQPu31NVxfQYO3IXNmvJDCNu8hFAbImpA5aG8MBuwzRo0H9w==}
    peerDependencies:
      '@tiptap/core': ^2.7.0
      '@tiptap/pm': ^2.7.0

  '@tiptap/extension-horizontal-rule@2.9.1':
    resolution: {integrity: sha512-ydUhABeaBI1CoJp+/BBqPhXINfesp1qMNL/jiDcMsB66fsD4nOyphpAJT7FaRFZFtQVF06+nttBtFZVkITQVqg==}
    peerDependencies:
      '@tiptap/core': ^2.7.0
      '@tiptap/pm': ^2.7.0

  '@tiptap/extension-image@2.9.1':
    resolution: {integrity: sha512-aGqJnsuS8oagIhsx7wetm8jw4NEDsOV0OSx4FQ4VPlUqWlnzK0N+erFKKJmXTdAxL8PGzoPSlITFH63MV3eV3Q==}
    peerDependencies:
      '@tiptap/core': ^2.7.0

  '@tiptap/extension-italic@2.9.1':
    resolution: {integrity: sha512-VkNA6Vz96+/+7uBlsgM7bDXXx4b62T1fDam/3UKifA72aD/fZckeWrbT7KrtdUbzuIniJSbA0lpTs5FY29+86Q==}
    peerDependencies:
      '@tiptap/core': ^2.7.0

  '@tiptap/extension-link@2.9.1':
    resolution: {integrity: sha512-yG+e3e8cCCN9dZjX4ttEe3e2xhh58ryi3REJV4MdiEkOT9QF75Bl5pUbMIS4tQ8HkOr04QBFMHKM12kbSxg1BA==}
    peerDependencies:
      '@tiptap/core': ^2.7.0
      '@tiptap/pm': ^2.7.0

  '@tiptap/extension-list-item@2.9.1':
    resolution: {integrity: sha512-6O4NtYNR5N2Txi4AC0/4xMRJq9xd4+7ShxCZCDVL0WDVX37IhaqMO7LGQtA6MVlYyNaX4W1swfdJaqrJJ5HIUw==}
    peerDependencies:
      '@tiptap/core': ^2.7.0

  '@tiptap/extension-list-keymap@2.9.1':
    resolution: {integrity: sha512-hkFgqVy6AaLAQICZ56YIBg4U/0SOrlG9lmNazW8GZWHKb0QQ++DjVzRry7okQhbTnfGQJxXgrv2R3YAJGdVyIA==}
    peerDependencies:
      '@tiptap/core': ^2.7.0

  '@tiptap/extension-ordered-list@2.9.1':
    resolution: {integrity: sha512-6J9jtv1XP8dW7/JNSH/K4yiOABc92tBJtgCsgP8Ep4+fjfjdj4HbjS1oSPWpgItucF2Fp/VF8qg55HXhjxHjTw==}
    peerDependencies:
      '@tiptap/core': ^2.7.0

  '@tiptap/extension-paragraph@2.9.1':
    resolution: {integrity: sha512-JOmT0xd4gd3lIhLwrsjw8lV+ZFROKZdIxLi0Ia05XSu4RLrrvWj0zdKMSB+V87xOWfSB3Epo95zAvnPox5Q16A==}
    peerDependencies:
      '@tiptap/core': ^2.7.0

  '@tiptap/extension-placeholder@2.9.1':
    resolution: {integrity: sha512-Q/w3OOg/C6jGBf4QKEWKF9k+iaCQCgPoaIg2IDTPx8QmaxRfgoVE5Csd+oTOY/brdmSNXOxykZWEci6OJP+MbA==}
    peerDependencies:
      '@tiptap/core': ^2.7.0
      '@tiptap/pm': ^2.7.0

  '@tiptap/extension-strike@2.9.1':
    resolution: {integrity: sha512-V5aEXdML+YojlPhastcu7w4biDPwmzy/fWq0T2qjfu5Te/THcqDmGYVBKESBm5x6nBy5OLkanw2O+KHu2quDdg==}
    peerDependencies:
      '@tiptap/core': ^2.7.0

  '@tiptap/extension-table-cell@2.9.1':
    resolution: {integrity: sha512-/wrcniLdhMhs5M2NDetFcfq510N5to7YKK+52KOXNotBI8K/GjMmGmtwWEKPITD0/RgYrXzpMcta/O+/0OCOPQ==}
    peerDependencies:
      '@tiptap/core': ^2.7.0

  '@tiptap/extension-table-header@2.9.1':
    resolution: {integrity: sha512-KtI01636Du1IB/I3pe9ZJWKkOc6INqAaIw+RFirRCnd8Xnik7tJfAwdhXzoPRcer6ViZmlzSrM2dkwaZCF7gcw==}
    peerDependencies:
      '@tiptap/core': ^2.7.0

  '@tiptap/extension-table-row@2.9.1':
    resolution: {integrity: sha512-Wq7QlI/S5iX4UCAdX+ok/szegVMbvrM3H8o6jwO+G4p8JJt6iv7ZmEnJ19xIINhmiKsrdanqH9FFK4tQ3yvQ0A==}
    peerDependencies:
      '@tiptap/core': ^2.7.0

  '@tiptap/extension-table@2.9.1':
    resolution: {integrity: sha512-OmWZFZOSZwSSEvoVUkDsRFyCXTYei/pV396Xjv9pfFzXQkVbfq/CjTp61zvb/9mmEz3rcfvfG7G39eRlZTvBNg==}
    peerDependencies:
      '@tiptap/core': ^2.7.0
      '@tiptap/pm': ^2.7.0

  '@tiptap/extension-text-style@2.9.1':
    resolution: {integrity: sha512-LAxc0SeeiPiAVBwksczeA7BJSZb6WtVpYhy5Esvy9K0mK5kttB4KxtnXWeQzMIJZQbza65yftGKfQlexf/Y7yg==}
    peerDependencies:
      '@tiptap/core': ^2.7.0

  '@tiptap/extension-text@2.9.1':
    resolution: {integrity: sha512-3wo9uCrkLVLQFgbw2eFU37QAa1jq1/7oExa+FF/DVxdtHRS9E2rnUZ8s2hat/IWzvPUHXMwo3Zg2XfhoamQpCA==}
    peerDependencies:
      '@tiptap/core': ^2.7.0

  '@tiptap/extension-typography@2.9.1':
    resolution: {integrity: sha512-HX0kghh+Gmlp5FsVVGmQNRxxA+aErLBgmKVspycJ3UHzAkyzsdx4qM19KCZ3pMOI+kxcXF9cMh3QxJYJ+OQ7wg==}
    peerDependencies:
      '@tiptap/core': ^2.7.0

  '@tiptap/html@2.9.1':
    resolution: {integrity: sha512-0wX+f735rqWxPQG7spKxPiP8BElwPIByXE35DFKw5Prc8D4G9BmkbKA8yRltriDyuSdTEstsE1u4qughHP5zdw==}
    peerDependencies:
      '@tiptap/core': ^2.7.0
      '@tiptap/pm': ^2.7.0

  '@tiptap/pm@2.9.1':
    resolution: {integrity: sha512-mvV86fr7kEuDYEApQ2uMPCKL2uagUE0BsXiyyz3KOkY1zifyVm1fzdkscb24Qy1GmLzWAIIihA+3UHNRgYdOlQ==}

  '@tiptap/starter-kit@2.9.1':
    resolution: {integrity: sha512-nsw6UF/7wDpPfHRhtGOwkj1ipIEiWZS1VGw+c14K61vM1CNj0uQ4jogbHwHZqN1dlL5Hh+FCqUHDPxG6ECbijg==}

  '@types/linkify-it@5.0.0':
    resolution: {integrity: sha512-sVDA58zAw4eWAffKOaQH5/5j3XeayukzDk+ewSsnv3p4yJEZHCCzMDiZM8e0OUrRvmpGZ85jf4yDHkHsgBNr9Q==}

  '@types/markdown-it@14.1.2':
    resolution: {integrity: sha512-promo4eFwuiW+TfGxhi+0x3czqTYJkG8qB17ZUJiVF10Xm7NLVRSLUsfRTU/6h1e24VvRnXCx+hG7li58lkzog==}

  '@types/mdurl@2.0.0':
    resolution: {integrity: sha512-RGdgjQUZba5p6QEFAVx2OGb8rQDL/cPRG7GiedRzMcJ1tYnUANBncjbSB1NRGwbvjcPeikRABz2nshyPk1bhWg==}

  '@types/node@22.8.7':
    resolution: {integrity: sha512-LidcG+2UeYIWcMuMUpBKOnryBWG/rnmOHQR5apjn8myTQcx3rinFRn7DcIFhMnS0PPFSC6OafdIKEad0lj6U0Q==}

  '@types/phoenix@1.6.5':
    resolution: {integrity: sha512-xegpDuR+z0UqG9fwHqNoy3rI7JDlvaPh2TY47Fl80oq6g+hXT+c/LEuE43X48clZ6lOfANl5WrPur9fYO1RJ/w==}

  '@types/ws@8.5.13':
    resolution: {integrity: sha512-osM/gWBTPKgHV8XkTunnegTRIsvF6owmf5w+JtAfOw472dptdm0dlGv4xCt6GwQRcC2XVOvvRE/0bAoQcL2QkA==}

  anymatch@3.1.3:
    resolution: {integrity: sha512-KMReFUr0B4t+D+OBkjR3KYqvocp2XaSzO55UcB6mgQMd3KbcE+mWTyvVV7D/zsdEbNnV6acZUutkiHQXvTr1Rw==}
    engines: {node: '>= 8'}

  argparse@2.0.1:
    resolution: {integrity: sha512-8+9WqebbFzpX9OR+Wa6O29asIogeRMzcGtAINdpMHHyAg10f05aSFVBbcEqGf/PXw1EjAZ+q2/bEBg3DvurK3Q==}

  async-lock@1.4.1:
    resolution: {integrity: sha512-Az2ZTpuytrtqENulXwO3GGv1Bztugx6TT37NIo7imr/Qo0gsYiGtSdBa2B6fsXhTpVZDNfu1Qn3pk531e3q+nQ==}

  balanced-match@1.0.2:
    resolution: {integrity: sha512-3oSeUO0TMV67hN1AmbXsK4yaqU7tjiHlbxRDZOpH0KW9+CeX4bRAaX0Anxt0tx2MrpRpWwQaPwIlISEJhYU5Pw==}

  binary-extensions@2.3.0:
    resolution: {integrity: sha512-Ceh+7ox5qe7LJuLHoY0feh3pHuUDHAcRUeyL2VYghZwfpkNIy/+8Ocg0a3UuSoYzavmylwuLWQOf3hl0jjMMIw==}
    engines: {node: '>=8'}

  brace-expansion@1.1.11:
    resolution: {integrity: sha512-iCuPHDFgrHX7H2vEI/5xpz07zSHB00TpugqhmYtVmMO6518mCuRMoOYFldEBl0g187ufozdaHgWKcYFb61qGiA==}

  braces@3.0.3:
    resolution: {integrity: sha512-yQbXgO/OSZVD2IsiLlro+7Hf6Q18EJrKSEsdoMzKePKXct3gvD8oLcOQdIzGupr5Fj+EDe8gO/lxc1BzfMpxvA==}
    engines: {node: '>=8'}

  chokidar@3.6.0:
    resolution: {integrity: sha512-7VT13fmjotKpGipCW9JEQAusEPE+Ei8nl6/g4FBAmIm0GOOLMua9NDDo/DWp0ZAxCr3cPq5ZpBqmPAQgDda2Pw==}
    engines: {node: '>= 8.10.0'}

  concat-map@0.0.1:
    resolution: {integrity: sha512-/Srv4dswyQNBfohGpz9o6Yb3Gz3SrUDqBH5rTuhGR7ahtlbYKnVxw2bCFMRljaA7EXHaXZ8wsHdodFvbkhKmqg==}

  crelt@1.0.6:
    resolution: {integrity: sha512-VQ2MBenTq1fWZUH9DJNGti7kKv6EeAuYr3cLwxUWhIu1baTaXh4Ib5W2CqHVqib4/MqbYGJqiL3Zb8GJZr3l4g==}

  css-what@6.1.0:
    resolution: {integrity: sha512-HTUrgRJ7r4dsZKU6GjmpfRK1O76h97Z8MfS1G0FozR+oF2kG6Vfe8JE6zwrkbxigziPHinCJ+gCPjA9EaBDtRw==}
    engines: {node: '>= 6'}

  debug@4.3.7:
    resolution: {integrity: sha512-Er2nc/H7RrMXZBFCEim6TCmMk02Z8vLC2Rbi1KEBggpo0fS6l0S1nnapwmIi3yW/+GOJap1Krg4w0Hg80oCqgQ==}
    engines: {node: '>=6.0'}
    peerDependencies:
      supports-color: '*'
    peerDependenciesMeta:
      supports-color:
        optional: true

  dotenv@16.4.5:
    resolution: {integrity: sha512-ZmdL2rui+eB2YwhsWzjInR8LldtZHGDoQ1ugH85ppHKwpUHL7j7rN0Ti9NCnGiQbhaZ11FpR+7ao1dNsmduNUg==}
    engines: {node: '>=12'}

  entities@4.5.0:
    resolution: {integrity: sha512-V0hjH4dGPh9Ao5p0MoRY6BVqtwCjhz6vI5LT8AJ55H+4g9/4vbHx1I54fS0XuclLhDHArPQCiMjDxjaL8fPxhw==}
    engines: {node: '>=0.12'}

  entities@5.0.0:
    resolution: {integrity: sha512-BeJFvFRJddxobhvEdm5GqHzRV/X+ACeuw0/BuuxsCh1EUZcAIz8+kYmBp/LrQuloy6K1f3a0M7+IhmZ7QnkISA==}
    engines: {node: '>=0.12'}

  escape-string-regexp@4.0.0:
    resolution: {integrity: sha512-TtpcNJ3XAzx3Gq8sWRzJaVajRs0uVxA2YAkdb1jm2YkPz4G6egUFAyA3n5vtEIZefPk5Wa4UXbKuS5fKkJWdgA==}
    engines: {node: '>=10'}

  fill-range@7.1.1:
    resolution: {integrity: sha512-YsGpe3WHLK8ZYi4tWDg2Jy3ebRz2rXowDxnld4bkQB00cc/1Zw9AWnC0i9ztDJitivtQvaI9KaLyKrc+hBW0yg==}
    engines: {node: '>=8'}

  fsevents@2.3.3:
    resolution: {integrity: sha512-5xoDfX+fL7faATnagmWPpbFtwh/R77WmMMqqHGS65C3vvB0YHrgF+B1YmZ3441tMj5n63k0212XNoJwzlhffQw==}
    engines: {node: ^8.16.0 || ^10.6.0 || >=11.0.0}
    os: [darwin]

  glob-parent@5.1.2:
    resolution: {integrity: sha512-AOIgSQCepiJYwP3ARnGx+5VnTu2HBYdzbGP45eLw1vr3zB3vZLeyed1sC9hnbcOc9/SrMyM5RPQrkGz4aS9Zow==}
    engines: {node: '>= 6'}

  has-flag@3.0.0:
    resolution: {integrity: sha512-sKJf1+ceQBr4SMkvQnBDNDtf4TXpVhVGateu0t918bl30FnbE2m4vNLX+VWe/dpjlb+HugGYzW7uQXH98HPEYw==}
    engines: {node: '>=4'}

  ignore-by-default@1.0.1:
    resolution: {integrity: sha512-Ius2VYcGNk7T90CppJqcIkS5ooHUZyIQK+ClZfMfMNFEF9VSE73Fq+906u/CWu92x4gzZMWOwfFYckPObzdEbA==}

  is-binary-path@2.1.0:
    resolution: {integrity: sha512-ZMERYes6pDydyuGidse7OsHxtbI7WVeUEozgR/g7rd0xUimYNlvZRE/K2MgZTjWy725IfelLeVcEM97mmtRGXw==}
    engines: {node: '>=8'}

  is-extglob@2.1.1:
    resolution: {integrity: sha512-SbKbANkN603Vi4jEZv49LeVJMn4yGwsbzZworEoyEiutsN3nJYdbO36zfhGJ6QEDpOZIFkDtnq5JRxmvl3jsoQ==}
    engines: {node: '>=0.10.0'}

  is-glob@4.0.3:
    resolution: {integrity: sha512-xelSayHH36ZgE7ZWhli7pW34hNbNl8Ojv5KVmkJD4hBdD3th8Tfk9vYasLM+mXWOZhFkgZfxhLSnrwRr4elSSg==}
    engines: {node: '>=0.10.0'}

  is-number@7.0.0:
    resolution: {integrity: sha512-41Cifkg6e8TylSpdtTpeLVMqvSBEVzTttHvERD741+pnZ8ANv0004MRL43QKPDlK9cGvNp6NZWZUBlbGXYxxng==}
    engines: {node: '>=0.12.0'}

  isomorphic.js@0.2.5:
    resolution: {integrity: sha512-PIeMbHqMt4DnUP3MA/Flc0HElYjMXArsw1qwJZcm9sqR8mq3l8NYizFMty0pWwE/tzIGH3EKK5+jes5mAr85yw==}

  kleur@4.1.5:
    resolution: {integrity: sha512-o+NO+8WrRiQEE4/7nwRJhN1HWpVmJm511pBHUxPLtp0BUISzlBplORYSmTclCnJvQq2tKu/sgl3xVpkc7ZWuQQ==}
    engines: {node: '>=6'}

  lib0@0.2.98:
    resolution: {integrity: sha512-XteTiNO0qEXqqweWx+b21p/fBnNHUA1NwAtJNJek1oPrewEZs2uiT4gWivHKr9GqCjDPAhchz0UQO8NwU3bBNA==}
    engines: {node: '>=16'}
    hasBin: true

  linkify-it@5.0.0:
    resolution: {integrity: sha512-5aHCbzQRADcdP+ATqnDuhhJ/MRIqDkZX5pyjFHRRysS8vZ5AbqGEoFIb6pYHPZ+L/OC2Lc+xT8uHVVR5CAK/wQ==}

  linkifyjs@4.1.3:
    resolution: {integrity: sha512-auMesunaJ8yfkHvK4gfg1K0SaKX/6Wn9g2Aac/NwX+l5VdmFZzo/hdPGxEOETj+ryRa4/fiOPjeeKURSAJx1sg==}

  markdown-it@14.1.0:
    resolution: {integrity: sha512-a54IwgWPaeBCAAsv13YgmALOF1elABB08FxO9i+r4VFk5Vl4pKokRPeX8u5TCgSsPi6ec1otfLjdOpVcgbpshg==}
    hasBin: true

  mdurl@2.0.0:
    resolution: {integrity: sha512-Lf+9+2r+Tdp5wXDXC4PcIBjTDtq4UKjCPMQhKIuzpJNW0b96kVqSwW0bT7FhRSfmAiFYgP+SCRvdrDozfh0U5w==}

  minimatch@3.1.2:
    resolution: {integrity: sha512-J7p63hRiAjw1NDEww1W7i37+ByIrOWO5XQQAzZ3VOcL0PNybwpfmV/N05zFAzwQ9USyEcX6t3UO+K5aqBQOIHw==}

  ms@2.1.3:
    resolution: {integrity: sha512-6FlzubTLZG3J2a/NVCAleEhjzq5oxgHyaCU9yYXvcLsvoVaHJq/s5xXI6/XXP6tz7R9xAOtHnSO/tXtF3WRTlA==}

  nodemon@3.1.7:
    resolution: {integrity: sha512-hLj7fuMow6f0lbB0cD14Lz2xNjwsyruH251Pk4t/yIitCFJbmY1myuLlHm/q06aST4jg6EgAh74PIBBrRqpVAQ==}
    engines: {node: '>=10'}
    hasBin: true

  normalize-path@3.0.0:
    resolution: {integrity: sha512-6eZs5Ls3WtCisHWp9S2GUy8dqkpGi4BVSz3GaqiE6ezub0512ESztXUwUB6C6IKbQkY2Pnb/mD4WYojCRwcwLA==}
    engines: {node: '>=0.10.0'}

  orderedmap@2.1.1:
    resolution: {integrity: sha512-TvAWxi0nDe1j/rtMcWcIj94+Ffe6n7zhow33h40SKxmsmozs6dz/e+EajymfoFcHd7sxNn8yHM8839uixMOV6g==}

  picomatch@2.3.1:
    resolution: {integrity: sha512-JU3teHTNjmE2VCGFzuY8EXzCDVwEqB2a8fsIvwaStHhAWJEeVd1o1QD80CU6+ZdEXXSLbSsuLwJjkCBWqRQUVA==}
    engines: {node: '>=8.6'}

  prosemirror-changeset@2.2.1:
    resolution: {integrity: sha512-J7msc6wbxB4ekDFj+n9gTW/jav/p53kdlivvuppHsrZXCaQdVgRghoZbSS3kwrRyAstRVQ4/+u5k7YfLgkkQvQ==}

  prosemirror-collab@1.3.1:
    resolution: {integrity: sha512-4SnynYR9TTYaQVXd/ieUvsVV4PDMBzrq2xPUWutHivDuOshZXqQ5rGbZM84HEaXKbLdItse7weMGOUdDVcLKEQ==}

  prosemirror-commands@1.6.2:
    resolution: {integrity: sha512-0nDHH++qcf/BuPLYvmqZTUUsPJUCPBUXt0J1ErTcDIS369CTp773itzLGIgIXG4LJXOlwYCr44+Mh4ii6MP1QA==}

  prosemirror-dropcursor@1.8.1:
    resolution: {integrity: sha512-M30WJdJZLyXHi3N8vxN6Zh5O8ZBbQCz0gURTfPmTIBNQ5pxrdU7A58QkNqfa98YEjSAL1HUyyU34f6Pm5xBSGw==}

  prosemirror-gapcursor@1.3.2:
    resolution: {integrity: sha512-wtjswVBd2vaQRrnYZaBCbyDqr232Ed4p2QPtRIUK5FuqHYKGWkEwl08oQM4Tw7DOR0FsasARV5uJFvMZWxdNxQ==}

  prosemirror-history@1.4.1:
    resolution: {integrity: sha512-2JZD8z2JviJrboD9cPuX/Sv/1ChFng+xh2tChQ2X4bB2HeK+rra/bmJ3xGntCcjhOqIzSDG6Id7e8RJ9QPXLEQ==}

  prosemirror-inputrules@1.4.0:
    resolution: {integrity: sha512-6ygpPRuTJ2lcOXs9JkefieMst63wVJBgHZGl5QOytN7oSZs3Co/BYbc3Yx9zm9H37Bxw8kVzCnDsihsVsL4yEg==}

  prosemirror-keymap@1.2.2:
    resolution: {integrity: sha512-EAlXoksqC6Vbocqc0GtzCruZEzYgrn+iiGnNjsJsH4mrnIGex4qbLdWWNza3AW5W36ZRrlBID0eM6bdKH4OStQ==}

  prosemirror-markdown@1.13.1:
    resolution: {integrity: sha512-Sl+oMfMtAjWtlcZoj/5L/Q39MpEnVZ840Xo330WJWUvgyhNmLBLN7MsHn07s53nG/KImevWHSE6fEj4q/GihHw==}

  prosemirror-menu@1.2.4:
    resolution: {integrity: sha512-S/bXlc0ODQup6aiBbWVsX/eM+xJgCTAfMq/nLqaO5ID/am4wS0tTCIkzwytmao7ypEtjj39i7YbJjAgO20mIqA==}

  prosemirror-model@1.23.0:
    resolution: {integrity: sha512-Q/fgsgl/dlOAW9ILu4OOhYWQbc7TQd4BwKH/RwmUjyVf8682Be4zj3rOYdLnYEcGzyg8LL9Q5IWYKD8tdToreQ==}

  prosemirror-schema-basic@1.2.3:
    resolution: {integrity: sha512-h+H0OQwZVqMon1PNn0AG9cTfx513zgIG2DY00eJ00Yvgb3UD+GQ/VlWW5rcaxacpCGT1Yx8nuhwXk4+QbXUfJA==}

  prosemirror-schema-list@1.4.1:
    resolution: {integrity: sha512-jbDyaP/6AFfDfu70VzySsD75Om2t3sXTOdl5+31Wlxlg62td1haUpty/ybajSfJ1pkGadlOfwQq9kgW5IMo1Rg==}

  prosemirror-state@1.4.3:
    resolution: {integrity: sha512-goFKORVbvPuAQaXhpbemJFRKJ2aixr+AZMGiquiqKxaucC6hlpHNZHWgz5R7dS4roHiwq9vDctE//CZ++o0W1Q==}

  prosemirror-tables@1.6.1:
    resolution: {integrity: sha512-p8WRJNA96jaNQjhJolmbxTzd6M4huRE5xQ8OxjvMhQUP0Nzpo4zz6TztEiwk6aoqGBhz9lxRWR1yRZLlpQN98w==}

  prosemirror-trailing-node@3.0.0:
    resolution: {integrity: sha512-xiun5/3q0w5eRnGYfNlW1uU9W6x5MoFKWwq/0TIRgt09lv7Hcser2QYV8t4muXbEr+Fwo0geYn79Xs4GKywrRQ==}
    peerDependencies:
      prosemirror-model: ^1.22.1
      prosemirror-state: ^1.4.2
      prosemirror-view: ^1.33.8

  prosemirror-transform@1.10.2:
    resolution: {integrity: sha512-2iUq0wv2iRoJO/zj5mv8uDUriOHWzXRnOTVgCzSXnktS/2iQRa3UUQwVlkBlYZFtygw6Nh1+X4mGqoYBINn5KQ==}

  prosemirror-view@1.35.0:
    resolution: {integrity: sha512-Umtbh22fmUlpZpRTiOVXA0PpdRZeYEeXQsLp51VfnMhjkJrqJ0n8APinIZrRAD5Jr3UxH8FnOaUqRylSuMsqHA==}

  pstree.remy@1.1.8:
    resolution: {integrity: sha512-77DZwxQmxKnu3aR542U+X8FypNzbfJ+C5XQDk3uWjWxn6151aIMGthWYRXTqT1E5oJvg+ljaa2OJi+VfvCOQ8w==}

  punycode.js@2.3.1:
    resolution: {integrity: sha512-uxFIHU0YlHYhDQtV4R9J6a52SLx28BCjT+4ieh7IGbgwVJWO+km431c4yRlREUAsAmt/uMjQUyQHNEPf0M39CA==}
    engines: {node: '>=6'}

  readdirp@3.6.0:
    resolution: {integrity: sha512-hOS089on8RduqdbhvQ5Z37A0ESjsqz6qnRcffsMU3495FuTdqSm+7bhJ29JvIOsBDEEnan5DPu9t3To9VRlMzA==}
    engines: {node: '>=8.10.0'}

  rope-sequence@1.3.4:
    resolution: {integrity: sha512-UT5EDe2cu2E/6O4igUr5PSFs23nvvukicWHx6GnOPlHAiiYbzNuCRQCuiUdHJQcqKalLKlrYJnjY0ySGsXNQXQ==}

  semver@7.6.3:
    resolution: {integrity: sha512-oVekP1cKtI+CTDvHWYFUcMtsK/00wmAEfyqKfNdARm8u1wNVhSgaX7A8d4UuIlUI5e84iEwOhs7ZPYRmzU9U6A==}
    engines: {node: '>=10'}
    hasBin: true

  simple-update-notifier@2.0.0:
    resolution: {integrity: sha512-a2B9Y0KlNXl9u/vsW6sTIu9vGEpfKu2wRV6l1H3XEas/0gUIzGzBoP/IouTcUQbm9JWZLH3COxyn03TYlFax6w==}
    engines: {node: '>=10'}

  supports-color@5.5.0:
    resolution: {integrity: sha512-QjVjwdXIt408MIiAqCX4oUKsgU2EqAGzs2Ppkm4aQYbjm+ZEWEcW4SfFNTr4uMNZma0ey4f5lgLrkB0aX0QMow==}
    engines: {node: '>=4'}

  to-regex-range@5.0.1:
    resolution: {integrity: sha512-65P7iz6X5yEr1cwcgvQxbbIw7Uk3gOy5dIdtZ4rDveLqhrdJP+Li/Hx6tyK0NEb+2GCyneCMJiGqrADCSNk8sQ==}
    engines: {node: '>=8.0'}

  touch@3.1.1:
    resolution: {integrity: sha512-r0eojU4bI8MnHr8c5bNo7lJDdI2qXlWWJk6a9EAFG7vbhTjElYhBVS3/miuE0uOuoLdb8Mc/rVfsmm6eo5o9GA==}
    hasBin: true

  tr46@0.0.3:
    resolution: {integrity: sha512-N3WMsuqV66lT30CrXNbEjx4GEwlow3v6rr4mCcv6prnfwhS01rkgyFdjPNBYd9br7LpXV1+Emh01fHnq2Gdgrw==}

  uc.micro@2.1.0:
    resolution: {integrity: sha512-ARDJmphmdvUk6Glw7y9DQ2bFkKBHwQHLi2lsaH6PPmz/Ka9sFOBsBluozhDltWmnv9u/cF6Rt87znRTPV+yp/A==}

  undefsafe@2.0.5:
    resolution: {integrity: sha512-WxONCrssBM8TSPRqN5EmsjVrsv4A8X12J4ArBiiayv3DyyG3ZlIg6yysuuSYdZsVz3TKcTg2fd//Ujd4CHV1iA==}

  undici-types@6.19.8:
    resolution: {integrity: sha512-ve2KP6f/JnbPBFyobGHuerC9g1FYGn/F8n1LWTwNxCEzd6IfqTwUQcNXgEtmmQ6DlRrC1hrSrBnCZPokRrDHjw==}

  uuid@10.0.0:
    resolution: {integrity: sha512-8XkAphELsDnEGrDxUOHB3RGvXz6TeuYSGEZBOjtTtPm2lwhGBjLgOzLHB63IUWfBpNucQjND6d3AOudO+H3RWQ==}
    hasBin: true

  w3c-keyname@2.2.8:
    resolution: {integrity: sha512-dpojBhNsCNN7T82Tm7k26A6G9ML3NkhDsnw9n/eoxSRlVBB4CEtIQ/KTCLI2Fwf3ataSXRhYFkQi3SlnFwPvPQ==}

  webidl-conversions@3.0.1:
    resolution: {integrity: sha512-2JAn3z8AR6rjK8Sm8orRC0h/bcl/DqL7tRPdGZ4I1CjdF+EaMLmYxBHyXuKL849eucPFhvBoxMsflfOb8kxaeQ==}

  whatwg-url@5.0.0:
    resolution: {integrity: sha512-saE57nupxk6v3HY35+jzBwYa0rKSy0XR8JSxZPwgLr7ys0IBzhGviA1/TUGJLmSVqs8pb9AnvICXEuOHLprYTw==}

  ws@8.18.0:
    resolution: {integrity: sha512-8VbfWfHLbbwu3+N6OKsOMpBdT4kXPDDB9cJk2bJ6mh9ucxdlnNvH1e+roYkKmN9Nxw2yjz7VzeO9oOz2zJ04Pw==}
    engines: {node: '>=10.0.0'}
    peerDependencies:
      bufferutil: ^4.0.1
      utf-8-validate: '>=5.0.2'
    peerDependenciesMeta:
      bufferutil:
        optional: true
      utf-8-validate:
        optional: true

  y-prosemirror@1.2.12:
    resolution: {integrity: sha512-UMnUIR5ppVn30n2kzeeBQEaesWGe4fsbnlch1HnNa3/snJMoOn7M7dieuS+o1OQwKs1dqx2eT3gFfGF2aOaQdw==}
    engines: {node: '>=16.0.0', npm: '>=8.0.0'}
    peerDependencies:
      prosemirror-model: ^1.7.1
      prosemirror-state: ^1.2.3
      prosemirror-view: ^1.9.10
      y-protocols: ^1.0.1
      yjs: ^13.5.38

  y-protocols@1.0.6:
    resolution: {integrity: sha512-vHRF2L6iT3rwj1jub/K5tYcTT/mEYDUppgNPXwp8fmLpui9f7Yeq3OEtTLVF012j39QnV+KEQpNqoN7CWU7Y9Q==}
    engines: {node: '>=16.0.0', npm: '>=8.0.0'}
    peerDependencies:
      yjs: ^13.0.0

  yjs@13.6.20:
    resolution: {integrity: sha512-Z2YZI+SYqK7XdWlloI3lhMiKnCdFCVC4PchpdO+mCYwtiTwncjUbnRK9R1JmkNfdmHyDXuWN3ibJAt0wsqTbLQ==}
    engines: {node: '>=16.0.0', npm: '>=8.0.0'}

  zeed-dom@0.15.1:
    resolution: {integrity: sha512-dtZ0aQSFyZmoJS0m06/xBN1SazUBPL5HpzlAcs/KcRW0rzadYw12deQBjeMhGKMMeGEp7bA9vmikMLaO4exBcg==}
    engines: {node: '>=14.13.1'}

snapshots:

  '@hocuspocus/common@2.13.7':
    dependencies:
      lib0: 0.2.98

  '@hocuspocus/extension-database@2.13.7(y-protocols@1.0.6(yjs@13.6.20))(yjs@13.6.20)':
    dependencies:
      '@hocuspocus/server': 2.13.7(y-protocols@1.0.6(yjs@13.6.20))(yjs@13.6.20)
      yjs: 13.6.20
    transitivePeerDependencies:
      - bufferutil
      - utf-8-validate
      - y-protocols

  '@hocuspocus/extension-logger@2.13.7(y-protocols@1.0.6(yjs@13.6.20))(yjs@13.6.20)':
    dependencies:
      '@hocuspocus/server': 2.13.7(y-protocols@1.0.6(yjs@13.6.20))(yjs@13.6.20)
    transitivePeerDependencies:
      - bufferutil
      - utf-8-validate
      - y-protocols
      - yjs

  '@hocuspocus/server@2.13.7(y-protocols@1.0.6(yjs@13.6.20))(yjs@13.6.20)':
    dependencies:
      '@hocuspocus/common': 2.13.7
      async-lock: 1.4.1
      kleur: 4.1.5
      lib0: 0.2.98
      uuid: 10.0.0
      ws: 8.18.0
      y-protocols: 1.0.6(yjs@13.6.20)
      yjs: 13.6.20
    transitivePeerDependencies:
      - bufferutil
      - utf-8-validate

  '@hocuspocus/transformer@2.13.7(@tiptap/pm@2.9.1)(y-prosemirror@1.2.12(prosemirror-model@1.23.0)(prosemirror-state@1.4.3)(prosemirror-view@1.35.0)(y-protocols@1.0.6(yjs@13.6.20))(yjs@13.6.20))(yjs@13.6.20)':
    dependencies:
      '@tiptap/core': 2.9.1(@tiptap/pm@2.9.1)
      '@tiptap/pm': 2.9.1
      '@tiptap/starter-kit': 2.9.1
      y-prosemirror: 1.2.12(prosemirror-model@1.23.0)(prosemirror-state@1.4.3)(prosemirror-view@1.35.0)(y-protocols@1.0.6(yjs@13.6.20))(yjs@13.6.20)
      yjs: 13.6.20

  '@remirror/core-constants@3.0.0': {}

  '@supabase/auth-js@2.65.1':
    dependencies:
      '@supabase/node-fetch': 2.6.15

  '@supabase/functions-js@2.4.3':
    dependencies:
      '@supabase/node-fetch': 2.6.15

  '@supabase/node-fetch@2.6.15':
    dependencies:
      whatwg-url: 5.0.0

  '@supabase/postgrest-js@1.16.3':
    dependencies:
      '@supabase/node-fetch': 2.6.15

  '@supabase/realtime-js@2.10.7':
    dependencies:
      '@supabase/node-fetch': 2.6.15
      '@types/phoenix': 1.6.5
      '@types/ws': 8.5.13
      ws: 8.18.0
    transitivePeerDependencies:
      - bufferutil
      - utf-8-validate

  '@supabase/storage-js@2.7.1':
    dependencies:
      '@supabase/node-fetch': 2.6.15

  '@supabase/supabase-js@2.46.1':
    dependencies:
      '@supabase/auth-js': 2.65.1
      '@supabase/functions-js': 2.4.3
      '@supabase/node-fetch': 2.6.15
      '@supabase/postgrest-js': 1.16.3
      '@supabase/realtime-js': 2.10.7
      '@supabase/storage-js': 2.7.1
    transitivePeerDependencies:
      - bufferutil
      - utf-8-validate

  '@tiptap/core@2.9.1(@tiptap/pm@2.9.1)':
    dependencies:
      '@tiptap/pm': 2.9.1

  '@tiptap/extension-blockquote@2.9.1(@tiptap/core@2.9.1(@tiptap/pm@2.9.1))':
    dependencies:
      '@tiptap/core': 2.9.1(@tiptap/pm@2.9.1)

  '@tiptap/extension-bold@2.9.1(@tiptap/core@2.9.1(@tiptap/pm@2.9.1))':
    dependencies:
      '@tiptap/core': 2.9.1(@tiptap/pm@2.9.1)

  '@tiptap/extension-bullet-list@2.9.1(@tiptap/core@2.9.1(@tiptap/pm@2.9.1))':
    dependencies:
      '@tiptap/core': 2.9.1(@tiptap/pm@2.9.1)

  '@tiptap/extension-character-count@2.9.1(@tiptap/core@2.9.1(@tiptap/pm@2.9.1))(@tiptap/pm@2.9.1)':
    dependencies:
      '@tiptap/core': 2.9.1(@tiptap/pm@2.9.1)
      '@tiptap/pm': 2.9.1

  '@tiptap/extension-code-block@2.9.1(@tiptap/core@2.9.1(@tiptap/pm@2.9.1))(@tiptap/pm@2.9.1)':
    dependencies:
      '@tiptap/core': 2.9.1(@tiptap/pm@2.9.1)
      '@tiptap/pm': 2.9.1

  '@tiptap/extension-code@2.9.1(@tiptap/core@2.9.1(@tiptap/pm@2.9.1))':
    dependencies:
      '@tiptap/core': 2.9.1(@tiptap/pm@2.9.1)

  '@tiptap/extension-collaboration-cursor@2.9.1(@tiptap/core@2.9.1(@tiptap/pm@2.9.1))(y-prosemirror@1.2.12(prosemirror-model@1.23.0)(prosemirror-state@1.4.3)(prosemirror-view@1.35.0)(y-protocols@1.0.6(yjs@13.6.20))(yjs@13.6.20))':
    dependencies:
      '@tiptap/core': 2.9.1(@tiptap/pm@2.9.1)
      y-prosemirror: 1.2.12(prosemirror-model@1.23.0)(prosemirror-state@1.4.3)(prosemirror-view@1.35.0)(y-protocols@1.0.6(yjs@13.6.20))(yjs@13.6.20)

  '@tiptap/extension-collaboration@2.9.1(@tiptap/core@2.9.1(@tiptap/pm@2.9.1))(@tiptap/pm@2.9.1)(y-prosemirror@1.2.12(prosemirror-model@1.23.0)(prosemirror-state@1.4.3)(prosemirror-view@1.35.0)(y-protocols@1.0.6(yjs@13.6.20))(yjs@13.6.20))':
    dependencies:
      '@tiptap/core': 2.9.1(@tiptap/pm@2.9.1)
      '@tiptap/pm': 2.9.1
      y-prosemirror: 1.2.12(prosemirror-model@1.23.0)(prosemirror-state@1.4.3)(prosemirror-view@1.35.0)(y-protocols@1.0.6(yjs@13.6.20))(yjs@13.6.20)

  '@tiptap/extension-document@2.9.1(@tiptap/core@2.9.1(@tiptap/pm@2.9.1))':
    dependencies:
      '@tiptap/core': 2.9.1(@tiptap/pm@2.9.1)

  '@tiptap/extension-dropcursor@2.9.1(@tiptap/core@2.9.1(@tiptap/pm@2.9.1))(@tiptap/pm@2.9.1)':
    dependencies:
      '@tiptap/core': 2.9.1(@tiptap/pm@2.9.1)
      '@tiptap/pm': 2.9.1

  '@tiptap/extension-gapcursor@2.9.1(@tiptap/core@2.9.1(@tiptap/pm@2.9.1))(@tiptap/pm@2.9.1)':
    dependencies:
      '@tiptap/core': 2.9.1(@tiptap/pm@2.9.1)
      '@tiptap/pm': 2.9.1

  '@tiptap/extension-hard-break@2.9.1(@tiptap/core@2.9.1(@tiptap/pm@2.9.1))':
    dependencies:
      '@tiptap/core': 2.9.1(@tiptap/pm@2.9.1)

  '@tiptap/extension-heading@2.9.1(@tiptap/core@2.9.1(@tiptap/pm@2.9.1))':
    dependencies:
      '@tiptap/core': 2.9.1(@tiptap/pm@2.9.1)

  '@tiptap/extension-highlight@2.9.1(@tiptap/core@2.9.1(@tiptap/pm@2.9.1))':
    dependencies:
      '@tiptap/core': 2.9.1(@tiptap/pm@2.9.1)

  '@tiptap/extension-history@2.9.1(@tiptap/core@2.9.1(@tiptap/pm@2.9.1))(@tiptap/pm@2.9.1)':
    dependencies:
      '@tiptap/core': 2.9.1(@tiptap/pm@2.9.1)
      '@tiptap/pm': 2.9.1

  '@tiptap/extension-horizontal-rule@2.9.1(@tiptap/core@2.9.1(@tiptap/pm@2.9.1))(@tiptap/pm@2.9.1)':
    dependencies:
      '@tiptap/core': 2.9.1(@tiptap/pm@2.9.1)
      '@tiptap/pm': 2.9.1

  '@tiptap/extension-image@2.9.1(@tiptap/core@2.9.1(@tiptap/pm@2.9.1))':
    dependencies:
      '@tiptap/core': 2.9.1(@tiptap/pm@2.9.1)

  '@tiptap/extension-italic@2.9.1(@tiptap/core@2.9.1(@tiptap/pm@2.9.1))':
    dependencies:
      '@tiptap/core': 2.9.1(@tiptap/pm@2.9.1)

  '@tiptap/extension-link@2.9.1(@tiptap/core@2.9.1(@tiptap/pm@2.9.1))(@tiptap/pm@2.9.1)':
    dependencies:
      '@tiptap/core': 2.9.1(@tiptap/pm@2.9.1)
      '@tiptap/pm': 2.9.1
      linkifyjs: 4.1.3

  '@tiptap/extension-list-item@2.9.1(@tiptap/core@2.9.1(@tiptap/pm@2.9.1))':
    dependencies:
      '@tiptap/core': 2.9.1(@tiptap/pm@2.9.1)

  '@tiptap/extension-list-keymap@2.9.1(@tiptap/core@2.9.1(@tiptap/pm@2.9.1))':
    dependencies:
      '@tiptap/core': 2.9.1(@tiptap/pm@2.9.1)

  '@tiptap/extension-ordered-list@2.9.1(@tiptap/core@2.9.1(@tiptap/pm@2.9.1))':
    dependencies:
      '@tiptap/core': 2.9.1(@tiptap/pm@2.9.1)

  '@tiptap/extension-paragraph@2.9.1(@tiptap/core@2.9.1(@tiptap/pm@2.9.1))':
    dependencies:
      '@tiptap/core': 2.9.1(@tiptap/pm@2.9.1)

  '@tiptap/extension-placeholder@2.9.1(@tiptap/core@2.9.1(@tiptap/pm@2.9.1))(@tiptap/pm@2.9.1)':
    dependencies:
      '@tiptap/core': 2.9.1(@tiptap/pm@2.9.1)
      '@tiptap/pm': 2.9.1

  '@tiptap/extension-strike@2.9.1(@tiptap/core@2.9.1(@tiptap/pm@2.9.1))':
    dependencies:
      '@tiptap/core': 2.9.1(@tiptap/pm@2.9.1)

  '@tiptap/extension-table-cell@2.9.1(@tiptap/core@2.9.1(@tiptap/pm@2.9.1))':
    dependencies:
      '@tiptap/core': 2.9.1(@tiptap/pm@2.9.1)

  '@tiptap/extension-table-header@2.9.1(@tiptap/core@2.9.1(@tiptap/pm@2.9.1))':
    dependencies:
      '@tiptap/core': 2.9.1(@tiptap/pm@2.9.1)

  '@tiptap/extension-table-row@2.9.1(@tiptap/core@2.9.1(@tiptap/pm@2.9.1))':
    dependencies:
      '@tiptap/core': 2.9.1(@tiptap/pm@2.9.1)

  '@tiptap/extension-table@2.9.1(@tiptap/core@2.9.1(@tiptap/pm@2.9.1))(@tiptap/pm@2.9.1)':
    dependencies:
      '@tiptap/core': 2.9.1(@tiptap/pm@2.9.1)
      '@tiptap/pm': 2.9.1

  '@tiptap/extension-text-style@2.9.1(@tiptap/core@2.9.1(@tiptap/pm@2.9.1))':
    dependencies:
      '@tiptap/core': 2.9.1(@tiptap/pm@2.9.1)

  '@tiptap/extension-text@2.9.1(@tiptap/core@2.9.1(@tiptap/pm@2.9.1))':
    dependencies:
      '@tiptap/core': 2.9.1(@tiptap/pm@2.9.1)

  '@tiptap/extension-typography@2.9.1(@tiptap/core@2.9.1(@tiptap/pm@2.9.1))':
    dependencies:
      '@tiptap/core': 2.9.1(@tiptap/pm@2.9.1)

  '@tiptap/html@2.9.1(@tiptap/core@2.9.1(@tiptap/pm@2.9.1))(@tiptap/pm@2.9.1)':
    dependencies:
      '@tiptap/core': 2.9.1(@tiptap/pm@2.9.1)
      '@tiptap/pm': 2.9.1
      zeed-dom: 0.15.1

  '@tiptap/pm@2.9.1':
    dependencies:
      prosemirror-changeset: 2.2.1
      prosemirror-collab: 1.3.1
      prosemirror-commands: 1.6.2
      prosemirror-dropcursor: 1.8.1
      prosemirror-gapcursor: 1.3.2
      prosemirror-history: 1.4.1
      prosemirror-inputrules: 1.4.0
      prosemirror-keymap: 1.2.2
      prosemirror-markdown: 1.13.1
      prosemirror-menu: 1.2.4
      prosemirror-model: 1.23.0
      prosemirror-schema-basic: 1.2.3
      prosemirror-schema-list: 1.4.1
      prosemirror-state: 1.4.3
      prosemirror-tables: 1.6.1
      prosemirror-trailing-node: 3.0.0(prosemirror-model@1.23.0)(prosemirror-state@1.4.3)(prosemirror-view@1.35.0)
      prosemirror-transform: 1.10.2
      prosemirror-view: 1.35.0

  '@tiptap/starter-kit@2.9.1':
    dependencies:
      '@tiptap/core': 2.9.1(@tiptap/pm@2.9.1)
      '@tiptap/extension-blockquote': 2.9.1(@tiptap/core@2.9.1(@tiptap/pm@2.9.1))
      '@tiptap/extension-bold': 2.9.1(@tiptap/core@2.9.1(@tiptap/pm@2.9.1))
      '@tiptap/extension-bullet-list': 2.9.1(@tiptap/core@2.9.1(@tiptap/pm@2.9.1))
      '@tiptap/extension-code': 2.9.1(@tiptap/core@2.9.1(@tiptap/pm@2.9.1))
      '@tiptap/extension-code-block': 2.9.1(@tiptap/core@2.9.1(@tiptap/pm@2.9.1))(@tiptap/pm@2.9.1)
      '@tiptap/extension-document': 2.9.1(@tiptap/core@2.9.1(@tiptap/pm@2.9.1))
      '@tiptap/extension-dropcursor': 2.9.1(@tiptap/core@2.9.1(@tiptap/pm@2.9.1))(@tiptap/pm@2.9.1)
      '@tiptap/extension-gapcursor': 2.9.1(@tiptap/core@2.9.1(@tiptap/pm@2.9.1))(@tiptap/pm@2.9.1)
      '@tiptap/extension-hard-break': 2.9.1(@tiptap/core@2.9.1(@tiptap/pm@2.9.1))
      '@tiptap/extension-heading': 2.9.1(@tiptap/core@2.9.1(@tiptap/pm@2.9.1))
      '@tiptap/extension-history': 2.9.1(@tiptap/core@2.9.1(@tiptap/pm@2.9.1))(@tiptap/pm@2.9.1)
      '@tiptap/extension-horizontal-rule': 2.9.1(@tiptap/core@2.9.1(@tiptap/pm@2.9.1))(@tiptap/pm@2.9.1)
      '@tiptap/extension-italic': 2.9.1(@tiptap/core@2.9.1(@tiptap/pm@2.9.1))
      '@tiptap/extension-list-item': 2.9.1(@tiptap/core@2.9.1(@tiptap/pm@2.9.1))
      '@tiptap/extension-ordered-list': 2.9.1(@tiptap/core@2.9.1(@tiptap/pm@2.9.1))
      '@tiptap/extension-paragraph': 2.9.1(@tiptap/core@2.9.1(@tiptap/pm@2.9.1))
      '@tiptap/extension-strike': 2.9.1(@tiptap/core@2.9.1(@tiptap/pm@2.9.1))
      '@tiptap/extension-text': 2.9.1(@tiptap/core@2.9.1(@tiptap/pm@2.9.1))
      '@tiptap/extension-text-style': 2.9.1(@tiptap/core@2.9.1(@tiptap/pm@2.9.1))
      '@tiptap/pm': 2.9.1

  '@types/linkify-it@5.0.0': {}

  '@types/markdown-it@14.1.2':
    dependencies:
      '@types/linkify-it': 5.0.0
      '@types/mdurl': 2.0.0

  '@types/mdurl@2.0.0': {}

  '@types/node@22.8.7':
    dependencies:
      undici-types: 6.19.8

  '@types/phoenix@1.6.5': {}

  '@types/ws@8.5.13':
    dependencies:
      '@types/node': 22.8.7

  anymatch@3.1.3:
    dependencies:
      normalize-path: 3.0.0
      picomatch: 2.3.1

  argparse@2.0.1: {}

  async-lock@1.4.1: {}

  balanced-match@1.0.2: {}

  binary-extensions@2.3.0: {}

  brace-expansion@1.1.11:
    dependencies:
      balanced-match: 1.0.2
      concat-map: 0.0.1

  braces@3.0.3:
    dependencies:
      fill-range: 7.1.1

  chokidar@3.6.0:
    dependencies:
      anymatch: 3.1.3
      braces: 3.0.3
      glob-parent: 5.1.2
      is-binary-path: 2.1.0
      is-glob: 4.0.3
      normalize-path: 3.0.0
      readdirp: 3.6.0
    optionalDependencies:
      fsevents: 2.3.3

  concat-map@0.0.1: {}

  crelt@1.0.6: {}

  css-what@6.1.0: {}

  debug@4.3.7(supports-color@5.5.0):
    dependencies:
      ms: 2.1.3
    optionalDependencies:
      supports-color: 5.5.0

  dotenv@16.4.5: {}

  entities@4.5.0: {}

  entities@5.0.0: {}

  escape-string-regexp@4.0.0: {}

  fill-range@7.1.1:
    dependencies:
      to-regex-range: 5.0.1

  fsevents@2.3.3:
    optional: true

  glob-parent@5.1.2:
    dependencies:
      is-glob: 4.0.3

  has-flag@3.0.0: {}

  ignore-by-default@1.0.1: {}

  is-binary-path@2.1.0:
    dependencies:
      binary-extensions: 2.3.0

  is-extglob@2.1.1: {}

  is-glob@4.0.3:
    dependencies:
      is-extglob: 2.1.1

  is-number@7.0.0: {}

  isomorphic.js@0.2.5: {}

  kleur@4.1.5: {}

  lib0@0.2.98:
    dependencies:
      isomorphic.js: 0.2.5

  linkify-it@5.0.0:
    dependencies:
      uc.micro: 2.1.0

  linkifyjs@4.1.3: {}

  markdown-it@14.1.0:
    dependencies:
      argparse: 2.0.1
      entities: 4.5.0
      linkify-it: 5.0.0
      mdurl: 2.0.0
      punycode.js: 2.3.1
      uc.micro: 2.1.0

  mdurl@2.0.0: {}

  minimatch@3.1.2:
    dependencies:
      brace-expansion: 1.1.11

  ms@2.1.3: {}

  nodemon@3.1.7:
    dependencies:
      chokidar: 3.6.0
      debug: 4.3.7(supports-color@5.5.0)
      ignore-by-default: 1.0.1
      minimatch: 3.1.2
      pstree.remy: 1.1.8
      semver: 7.6.3
      simple-update-notifier: 2.0.0
      supports-color: 5.5.0
      touch: 3.1.1
      undefsafe: 2.0.5

  normalize-path@3.0.0: {}

  orderedmap@2.1.1: {}

  picomatch@2.3.1: {}

  prosemirror-changeset@2.2.1:
    dependencies:
      prosemirror-transform: 1.10.2

  prosemirror-collab@1.3.1:
    dependencies:
      prosemirror-state: 1.4.3

  prosemirror-commands@1.6.2:
    dependencies:
      prosemirror-model: 1.23.0
      prosemirror-state: 1.4.3
      prosemirror-transform: 1.10.2

  prosemirror-dropcursor@1.8.1:
    dependencies:
      prosemirror-state: 1.4.3
      prosemirror-transform: 1.10.2
      prosemirror-view: 1.35.0

  prosemirror-gapcursor@1.3.2:
    dependencies:
      prosemirror-keymap: 1.2.2
      prosemirror-model: 1.23.0
      prosemirror-state: 1.4.3
      prosemirror-view: 1.35.0

  prosemirror-history@1.4.1:
    dependencies:
      prosemirror-state: 1.4.3
      prosemirror-transform: 1.10.2
      prosemirror-view: 1.35.0
      rope-sequence: 1.3.4

  prosemirror-inputrules@1.4.0:
    dependencies:
      prosemirror-state: 1.4.3
      prosemirror-transform: 1.10.2

  prosemirror-keymap@1.2.2:
    dependencies:
      prosemirror-state: 1.4.3
      w3c-keyname: 2.2.8

  prosemirror-markdown@1.13.1:
    dependencies:
      '@types/markdown-it': 14.1.2
      markdown-it: 14.1.0
      prosemirror-model: 1.23.0

  prosemirror-menu@1.2.4:
    dependencies:
      crelt: 1.0.6
      prosemirror-commands: 1.6.2
      prosemirror-history: 1.4.1
      prosemirror-state: 1.4.3

  prosemirror-model@1.23.0:
    dependencies:
      orderedmap: 2.1.1

  prosemirror-schema-basic@1.2.3:
    dependencies:
      prosemirror-model: 1.23.0

  prosemirror-schema-list@1.4.1:
    dependencies:
      prosemirror-model: 1.23.0
      prosemirror-state: 1.4.3
      prosemirror-transform: 1.10.2

  prosemirror-state@1.4.3:
    dependencies:
      prosemirror-model: 1.23.0
      prosemirror-transform: 1.10.2
      prosemirror-view: 1.35.0

  prosemirror-tables@1.6.1:
    dependencies:
      prosemirror-keymap: 1.2.2
      prosemirror-model: 1.23.0
      prosemirror-state: 1.4.3
      prosemirror-transform: 1.10.2
      prosemirror-view: 1.35.0

  prosemirror-trailing-node@3.0.0(prosemirror-model@1.23.0)(prosemirror-state@1.4.3)(prosemirror-view@1.35.0):
    dependencies:
      '@remirror/core-constants': 3.0.0
      escape-string-regexp: 4.0.0
      prosemirror-model: 1.23.0
      prosemirror-state: 1.4.3
      prosemirror-view: 1.35.0

  prosemirror-transform@1.10.2:
    dependencies:
      prosemirror-model: 1.23.0

  prosemirror-view@1.35.0:
    dependencies:
      prosemirror-model: 1.23.0
      prosemirror-state: 1.4.3
      prosemirror-transform: 1.10.2

  pstree.remy@1.1.8: {}

  punycode.js@2.3.1: {}

  readdirp@3.6.0:
    dependencies:
      picomatch: 2.3.1

  rope-sequence@1.3.4: {}

  semver@7.6.3: {}

  simple-update-notifier@2.0.0:
    dependencies:
      semver: 7.6.3

  supports-color@5.5.0:
    dependencies:
      has-flag: 3.0.0

  to-regex-range@5.0.1:
    dependencies:
      is-number: 7.0.0

  touch@3.1.1: {}

  tr46@0.0.3: {}

  uc.micro@2.1.0: {}

  undefsafe@2.0.5: {}

  undici-types@6.19.8: {}

  uuid@10.0.0: {}

  w3c-keyname@2.2.8: {}

  webidl-conversions@3.0.1: {}

  whatwg-url@5.0.0:
    dependencies:
      tr46: 0.0.3
      webidl-conversions: 3.0.1

  ws@8.18.0: {}

  y-prosemirror@1.2.12(prosemirror-model@1.23.0)(prosemirror-state@1.4.3)(prosemirror-view@1.35.0)(y-protocols@1.0.6(yjs@13.6.20))(yjs@13.6.20):
    dependencies:
      lib0: 0.2.98
      prosemirror-model: 1.23.0
      prosemirror-state: 1.4.3
      prosemirror-view: 1.35.0
      y-protocols: 1.0.6(yjs@13.6.20)
      yjs: 13.6.20

  y-protocols@1.0.6(yjs@13.6.20):
    dependencies:
      lib0: 0.2.98
      yjs: 13.6.20

  yjs@13.6.20:
    dependencies:
      lib0: 0.2.98

  zeed-dom@0.15.1:
    dependencies:
      css-what: 6.1.0
      entities: 5.0.0
